
Microsoft Visual Studio Solution File, Format Version 12.00
# Visual Studio Version 17
VisualStudioVersion = 17.14.36212.18
MinimumVisualStudioVersion = 10.0.40219.1
Project("{2150E333-8FDC-42A3-9474-1A3956D46DE8}") = "Structurals", "Structurals", "{88EFBF10-1B22-4E49-B549-CB281AEEF649}"
EndProject
Project("{2150E333-8FDC-42A3-9474-1A3956D46DE8}") = "Creationals", "Creationals", "{02EA681E-C7D8-13C7-8484-4AC65E1B71E8}"
EndProject
Project("{2150E333-8FDC-42A3-9474-1A3956D46DE8}") = "Behaviorals", "Behaviorals", "{6B6E65D9-A9A6-4093-9FBB-4F6AB8B677EF}"
EndProject
Project("{FAE04EC0-301F-11D3-BF4B-00C04F79EFBC}") = "DesignPatterns.Creationals.Builder", "Creationals\DesignPatterns.Creationals.Builder\DesignPatterns.Creationals.Builder.csproj", "{CB40B8DF-FC47-4E03-8E28-B10D4F06B410}"
EndProject
Project("{FAE04EC0-301F-11D3-BF4B-00C04F79EFBC}") = "DesignPatterns.Creationals.Factory", "Creationals\DesignPatterns.Creationals.Factory\DesignPatterns.Creationals.Factory.csproj", "{536F160B-FFD5-4A18-AE0E-2F2A2E1517CB}"
EndProject
Project("{FAE04EC0-301F-11D3-BF4B-00C04F79EFBC}") = "DesignPatterns.Creationals.AbstractFactory", "Creationals\DesignPatterns.Creationals.AbstractFactory\DesignPatterns.Creationals.AbstractFactory.csproj", "{2F6DEA12-2B53-43F8-9579-2B80C4B442A2}"
EndProject
Project("{FAE04EC0-301F-11D3-BF4B-00C04F79EFBC}") = "DesignPatterns.Creationals.Singleton", "Creationals\DesignPatterns.Creationals.Singleton\DesignPatterns.Creationals.Singleton.csproj", "{1B4C723F-9F6C-4ECC-8DA9-31409D50D9E4}"
EndProject
Project("{FAE04EC0-301F-11D3-BF4B-00C04F79EFBC}") = "DesignPatterns.Creationals.Prototype", "Creationals\DesignPatterns.Creationals.Prototype\DesignPatterns.Creationals.Prototype.csproj", "{EB0E8997-72AB-4145-A27B-92998D2CF5F5}"
EndProject
Global
	GlobalSection(SolutionConfigurationPlatforms) = preSolution
		Debug|Any CPU = Debug|Any CPU
		Release|Any CPU = Release|Any CPU
	EndGlobalSection
	GlobalSection(ProjectConfigurationPlatforms) = postSolution
		{CB40B8DF-FC47-4E03-8E28-B10D4F06B410}.Debug|Any CPU.ActiveCfg = Debug|Any CPU
		{CB40B8DF-FC47-4E03-8E28-B10D4F06B410}.Debug|Any CPU.Build.0 = Debug|Any CPU
		{CB40B8DF-FC47-4E03-8E28-B10D4F06B410}.Release|Any CPU.ActiveCfg = Release|Any CPU
		{CB40B8DF-FC47-4E03-8E28-B10D4F06B410}.Release|Any CPU.Build.0 = Release|Any CPU
		{536F160B-FFD5-4A18-AE0E-2F2A2E1517CB}.Debug|Any CPU.ActiveCfg = Debug|Any CPU
		{536F160B-FFD5-4A18-AE0E-2F2A2E1517CB}.Debug|Any CPU.Build.0 = Debug|Any CPU
		{536F160B-FFD5-4A18-AE0E-2F2A2E1517CB}.Release|Any CPU.ActiveCfg = Release|Any CPU
		{536F160B-FFD5-4A18-AE0E-2F2A2E1517CB}.Release|Any CPU.Build.0 = Release|Any CPU
		{2F6DEA12-2B53-43F8-9579-2B80C4B442A2}.Debug|Any CPU.ActiveCfg = Debug|Any CPU
		{2F6DEA12-2B53-43F8-9579-2B80C4B442A2}.Debug|Any CPU.Build.0 = Debug|Any CPU
		{2F6DEA12-2B53-43F8-9579-2B80C4B442A2}.Release|Any CPU.ActiveCfg = Release|Any CPU
		{2F6DEA12-2B53-43F8-9579-2B80C4B442A2}.Release|Any CPU.Build.0 = Release|Any CPU
		{1B4C723F-9F6C-4ECC-8DA9-31409D50D9E4}.Debug|Any CPU.ActiveCfg = Debug|Any CPU
		{1B4C723F-9F6C-4ECC-8DA9-31409D50D9E4}.Debug|Any CPU.Build.0 = Debug|Any CPU
		{1B4C723F-9F6C-4ECC-8DA9-31409D50D9E4}.Release|Any CPU.ActiveCfg = Release|Any CPU
		{1B4C723F-9F6C-4ECC-8DA9-31409D50D9E4}.Release|Any CPU.Build.0 = Release|Any CPU
		{EB0E8997-72AB-4145-A27B-92998D2CF5F5}.Debug|Any CPU.ActiveCfg = Debug|Any CPU
		{EB0E8997-72AB-4145-A27B-92998D2CF5F5}.Debug|Any CPU.Build.0 = Debug|Any CPU
		{EB0E8997-72AB-4145-A27B-92998D2CF5F5}.Release|Any CPU.ActiveCfg = Release|Any CPU
		{EB0E8997-72AB-4145-A27B-92998D2CF5F5}.Release|Any CPU.Build.0 = Release|Any CPU
	EndGlobalSection
	GlobalSection(SolutionProperties) = preSolution
		HideSolutionNode = FALSE
	EndGlobalSection
	GlobalSection(NestedProjects) = preSolution
		{CB40B8DF-FC47-4E03-8E28-B10D4F06B410} = {02EA681E-C7D8-13C7-8484-4AC65E1B71E8}
		{536F160B-FFD5-4A18-AE0E-2F2A2E1517CB} = {02EA681E-C7D8-13C7-8484-4AC65E1B71E8}
		{2F6DEA12-2B53-43F8-9579-2B80C4B442A2} = {02EA681E-C7D8-13C7-8484-4AC65E1B71E8}
		{1B4C723F-9F6C-4ECC-8DA9-31409D50D9E4} = {02EA681E-C7D8-13C7-8484-4AC65E1B71E8}
		{EB0E8997-72AB-4145-A27B-92998D2CF5F5} = {02EA681E-C7D8-13C7-8484-4AC65E1B71E8}
	EndGlobalSection
	GlobalSection(ExtensibilityGlobals) = postSolution
		SolutionGuid = {B43B0785-3D43-47A5-9E07-F3F9B905DD17}
	EndGlobalSection
EndGlobal
